// !$*UTF8*$!
{
	archiveVersion = 1;
	classes = {
	};
	objectVersion = 56;
	objects = {

/* Begin PBXBuildFile section */
		712443B62976ECF9007E98AA /* YoddChatGptApp.swift in Sources */ = {isa = PBXBuildFile; fileRef = 712443B52976ECF9007E98AA /* YoddChatGptApp.swift */; };
		712443BA2976ECFA007E98AA /* Assets.xcassets in Resources */ = {isa = PBXBuildFile; fileRef = 712443B92976ECFA007E98AA /* Assets.xcassets */; };
		712443BD2976ECFA007E98AA /* Preview Assets.xcassets in Resources */ = {isa = PBXBuildFile; fileRef = 712443BC2976ECFA007E98AA /* Preview Assets.xcassets */; };
		712443C22976ECFA007E98AA /* MessageModel.xcdatamodeld in Sources */ = {isa = PBXBuildFile; fileRef = 712443C02976ECFA007E98AA /* MessageModel.xcdatamodeld */; };
		712443CC2976EE30007E98AA /* AIChatViewModel.swift in Sources */ = {isa = PBXBuildFile; fileRef = 712443CB2976EE30007E98AA /* AIChatViewModel.swift */; };
		7131F54629AB969F00FC4F45 /* DisclaimerView.swift in Sources */ = {isa = PBXBuildFile; fileRef = 7131F54529AB969F00FC4F45 /* DisclaimerView.swift */; };
		7149361A298BBF6300980250 /* Localizable.strings in Resources */ = {isa = PBXBuildFile; fileRef = 71493618298BBF6300980250 /* Localizable.strings */; };
		7159A84A29B2755100DED49F /* createMessageBubble.swift in Sources */ = {isa = PBXBuildFile; fileRef = 7159A84929B2755100DED49F /* createMessageBubble.swift */; };
		7159A84C29B2756C00DED49F /* imageMessageMenu.swift in Sources */ = {isa = PBXBuildFile; fileRef = 7159A84B29B2756C00DED49F /* imageMessageMenu.swift */; };
		7159A84E29B275AE00DED49F /* textMessageMenu.swift in Sources */ = {isa = PBXBuildFile; fileRef = 7159A84D29B275AE00DED49F /* textMessageMenu.swift */; };
		7179EAA629811F60004A95CA /* OpenAISwift in Frameworks */ = {isa = PBXBuildFile; productRef = 7179EAA529811F60004A95CA /* OpenAISwift */; };
		7188A78429A7848F00384404 /* YoddChatGptTests.swift in Sources */ = {isa = PBXBuildFile; fileRef = 7188A78329A7848F00384404 /* YoddChatGptTests.swift */; };
		7188A78D29A7B7AD00384404 /* AILibrary.swift in Sources */ = {isa = PBXBuildFile; fileRef = 7188A78C29A7B7AD00384404 /* AILibrary.swift */; };
		7188A78F29A7B80A00384404 /* OpenAISwift.swift in Sources */ = {isa = PBXBuildFile; fileRef = 7188A78E29A7B80A00384404 /* OpenAISwift.swift */; };
		7188A79229A7B84D00384404 /* ChatGPTSwift.swift in Sources */ = {isa = PBXBuildFile; fileRef = 7188A79129A7B84D00384404 /* ChatGPTSwift.swift */; };
		7193E31C29867E00004A10D4 /* NSManagedObjectContext+extension.swift in Sources */ = {isa = PBXBuildFile; fileRef = 7193E31B29867E00004A10D4 /* NSManagedObjectContext+extension.swift */; };
		7193E31E29868320004A10D4 /* BotMessageBubble.swift in Sources */ = {isa = PBXBuildFile; fileRef = 7193E31D29868320004A10D4 /* BotMessageBubble.swift */; };
		7193E32029869794004A10D4 /* ExampleThemeChat.swift in Sources */ = {isa = PBXBuildFile; fileRef = 7193E31F29869793004A10D4 /* ExampleThemeChat.swift */; };
		7193E3222986A797004A10D4 /* ThemePickerView.swift in Sources */ = {isa = PBXBuildFile; fileRef = 7193E3212986A797004A10D4 /* ThemePickerView.swift */; };
		7193E32529881642004A10D4 /* SavedMessagesView.swift in Sources */ = {isa = PBXBuildFile; fileRef = 7193E32429881642004A10D4 /* SavedMessagesView.swift */; };
		7193E32729881C15004A10D4 /* EmptySavedMessagesView.swift in Sources */ = {isa = PBXBuildFile; fileRef = 7193E32629881C15004A10D4 /* EmptySavedMessagesView.swift */; };
		7193E32E29890CB4004A10D4 /* AIModelTypesList.swift in Sources */ = {isa = PBXBuildFile; fileRef = 7193E32D29890CB4004A10D4 /* AIModelTypesList.swift */; };
		71ABB15929B1059B00F16D4D /* OpenAI in Frameworks */ = {isa = PBXBuildFile; productRef = 71ABB15829B1059B00F16D4D /* OpenAI */; };
		71ABB15B29B105BA00F16D4D /* OpenAI.swift in Sources */ = {isa = PBXBuildFile; fileRef = 71ABB15A29B105BA00F16D4D /* OpenAI.swift */; };
		71BE9B2D29812D4B00CB13C2 /* Message.swift in Sources */ = {isa = PBXBuildFile; fileRef = 71BE9B2C29812D4B00CB13C2 /* Message.swift */; };
		71BE9B342982856300CB13C2 /* DataController.swift in Sources */ = {isa = PBXBuildFile; fileRef = 71BE9B332982856300CB13C2 /* DataController.swift */; };
		71BE9B3629828BB000CB13C2 /* ChatView.swift in Sources */ = {isa = PBXBuildFile; fileRef = 71BE9B3529828BB000CB13C2 /* ChatView.swift */; };
		71BE9B3B2982DDC600CB13C2 /* AudioPlayer.swift in Sources */ = {isa = PBXBuildFile; fileRef = 71BE9B3A2982DDC600CB13C2 /* AudioPlayer.swift */; };
		71BE9B3D2982E85D00CB13C2 /* RecievedMessage.mp3 in Resources */ = {isa = PBXBuildFile; fileRef = 71BE9B3C2982E85D00CB13C2 /* RecievedMessage.mp3 */; };
		71BE9B3F2982E8E500CB13C2 /* SentMessage.mp3 in Resources */ = {isa = PBXBuildFile; fileRef = 71BE9B3E2982E8E500CB13C2 /* SentMessage.mp3 */; };
		71BE9B422982F12F00CB13C2 /* SpeechSynthesizer.swift in Sources */ = {isa = PBXBuildFile; fileRef = 71BE9B412982F12F00CB13C2 /* SpeechSynthesizer.swift */; };
		71BE9B4B2983D8CB00CB13C2 /* CreateChatStamps.swift in Sources */ = {isa = PBXBuildFile; fileRef = 71BE9B4A2983D8CB00CB13C2 /* CreateChatStamps.swift */; };
		71BE9B4F2983D99B00CB13C2 /* EmptyChatView.swift in Sources */ = {isa = PBXBuildFile; fileRef = 71BE9B4E2983D99B00CB13C2 /* EmptyChatView.swift */; };
		71BE9B512983D9E400CB13C2 /* MessagesView.swift in Sources */ = {isa = PBXBuildFile; fileRef = 71BE9B502983D9E400CB13C2 /* MessagesView.swift */; };
		71BE9B572983E75D00CB13C2 /* ThemeViewModel.swift in Sources */ = {isa = PBXBuildFile; fileRef = 71BE9B562983E75D00CB13C2 /* ThemeViewModel.swift */; };
		71BE9B592983E85A00CB13C2 /* SettingsButton.swift in Sources */ = {isa = PBXBuildFile; fileRef = 71BE9B582983E85A00CB13C2 /* SettingsButton.swift */; };
		71BE9B5B2983EF7D00CB13C2 /* SettingsView.swift in Sources */ = {isa = PBXBuildFile; fileRef = 71BE9B5A2983EF7D00CB13C2 /* SettingsView.swift */; };
		71BE9B5E2983FB5E00CB13C2 /* Color+extension.swift in Sources */ = {isa = PBXBuildFile; fileRef = 71BE9B5D2983FB5E00CB13C2 /* Color+extension.swift */; };
		71C5B648298A76E300FC88C0 /* UserChatBubble.swift in Sources */ = {isa = PBXBuildFile; fileRef = 71C5B647298A76E300FC88C0 /* UserChatBubble.swift */; };
		71CC6CD029A50C2800B0DB75 /* ChatGPTSwift in Frameworks */ = {isa = PBXBuildFile; productRef = 71CC6CCF29A50C2800B0DB75 /* ChatGPTSwift */; };
		71CC6CD329A5158600B0DB75 /* ChatGPTSwiftModelTypesList.swift in Sources */ = {isa = PBXBuildFile; fileRef = 71CC6CD229A5158600B0DB75 /* ChatGPTSwiftModelTypesList.swift */; };
		71CC6CD729A516A100B0DB75 /* AILibrariesList.swift in Sources */ = {isa = PBXBuildFile; fileRef = 71CC6CD629A516A100B0DB75 /* AILibrariesList.swift */; };
		71CC6CD929A56BCC00B0DB75 /* SafariView.swift in Sources */ = {isa = PBXBuildFile; fileRef = 71CC6CD829A56BCC00B0DB75 /* SafariView.swift */; };
		71DEEB47298AAEC7004B3708 /* View+extension.swift in Sources */ = {isa = PBXBuildFile; fileRef = 71DEEB46298AAEC7004B3708 /* View+extension.swift */; };
		71DEEB4C298AAEEE004B3708 /* RoundedCorner.swift in Sources */ = {isa = PBXBuildFile; fileRef = 71DEEB4B298AAEEE004B3708 /* RoundedCorner.swift */; };
		71DEEB54298ABAA7004B3708 /* BotLoadingMessage.swift in Sources */ = {isa = PBXBuildFile; fileRef = 71DEEB53298ABAA7004B3708 /* BotLoadingMessage.swift */; };
		71DEEB57298ACA00004B3708 /* OnBoarding1.swift in Sources */ = {isa = PBXBuildFile; fileRef = 71DEEB56298ACA00004B3708 /* OnBoarding1.swift */; };
		71DEEB59298AD39B004B3708 /* OnBoarding2.swift in Sources */ = {isa = PBXBuildFile; fileRef = 71DEEB58298AD39B004B3708 /* OnBoarding2.swift */; };
		71EEBFF9298CFB6C0044CD51 /* NextImplementations.rtf in Resources */ = {isa = PBXBuildFile; fileRef = 71EEBFF8298CFB6C0044CD51 /* NextImplementations.rtf */; };
/* End PBXBuildFile section */

/* Begin PBXContainerItemProxy section */
		7188A78529A7848F00384404 /* PBXContainerItemProxy */ = {
			isa = PBXContainerItemProxy;
			containerPortal = 712443AA2976ECF9007E98AA /* Project object */;
			proxyType = 1;
			remoteGlobalIDString = 712443B12976ECF9007E98AA;
			remoteInfo = YoddChatGpt;
		};
/* End PBXContainerItemProxy section */

/* Begin PBXFileReference section */
		7120C35329A816E400C3B410 /* YoddChatGpt.entitlements */ = {isa = PBXFileReference; lastKnownFileType = text.plist.entitlements; path = YoddChatGpt.entitlements; sourceTree = "<group>"; };
		712443B22976ECF9007E98AA /* YoddChatGpt.app */ = {isa = PBXFileReference; explicitFileType = wrapper.application; includeInIndex = 0; path = YoddChatGpt.app; sourceTree = BUILT_PRODUCTS_DIR; };
		712443B52976ECF9007E98AA /* YoddChatGptApp.swift */ = {isa = PBXFileReference; lastKnownFileType = sourcecode.swift; path = YoddChatGptApp.swift; sourceTree = "<group>"; };
		712443B92976ECFA007E98AA /* Assets.xcassets */ = {isa = PBXFileReference; lastKnownFileType = folder.assetcatalog; path = Assets.xcassets; sourceTree = "<group>"; };
		712443BC2976ECFA007E98AA /* Preview Assets.xcassets */ = {isa = PBXFileReference; lastKnownFileType = folder.assetcatalog; path = "Preview Assets.xcassets"; sourceTree = "<group>"; };
		712443C12976ECFA007E98AA /* YoddChatGpt.xcdatamodel */ = {isa = PBXFileReference; lastKnownFileType = wrapper.xcdatamodel; path = YoddChatGpt.xcdatamodel; sourceTree = "<group>"; };
		712443CB2976EE30007E98AA /* AIChatViewModel.swift */ = {isa = PBXFileReference; lastKnownFileType = sourcecode.swift; path = AIChatViewModel.swift; sourceTree = "<group>"; };
		7131F54529AB969F00FC4F45 /* DisclaimerView.swift */ = {isa = PBXFileReference; lastKnownFileType = sourcecode.swift; path = DisclaimerView.swift; sourceTree = "<group>"; };
		71493619298BBF6300980250 /* it */ = {isa = PBXFileReference; lastKnownFileType = text.plist.strings; name = it; path = it.lproj/Localizable.strings; sourceTree = "<group>"; };
		7159A84929B2755100DED49F /* createMessageBubble.swift */ = {isa = PBXFileReference; lastKnownFileType = sourcecode.swift; path = createMessageBubble.swift; sourceTree = "<group>"; };
		7159A84B29B2756C00DED49F /* imageMessageMenu.swift */ = {isa = PBXFileReference; lastKnownFileType = sourcecode.swift; path = imageMessageMenu.swift; sourceTree = "<group>"; };
		7159A84D29B275AE00DED49F /* textMessageMenu.swift */ = {isa = PBXFileReference; lastKnownFileType = sourcecode.swift; path = textMessageMenu.swift; sourceTree = "<group>"; };
		7188A78129A7848F00384404 /* YoddChatGptTests.xctest */ = {isa = PBXFileReference; explicitFileType = wrapper.cfbundle; includeInIndex = 0; path = YoddChatGptTests.xctest; sourceTree = BUILT_PRODUCTS_DIR; };
		7188A78329A7848F00384404 /* YoddChatGptTests.swift */ = {isa = PBXFileReference; lastKnownFileType = sourcecode.swift; path = YoddChatGptTests.swift; sourceTree = "<group>"; };
		7188A78C29A7B7AD00384404 /* AILibrary.swift */ = {isa = PBXFileReference; lastKnownFileType = sourcecode.swift; path = AILibrary.swift; sourceTree = "<group>"; };
		7188A78E29A7B80A00384404 /* OpenAISwift.swift */ = {isa = PBXFileReference; lastKnownFileType = sourcecode.swift; path = OpenAISwift.swift; sourceTree = "<group>"; };
		7188A79129A7B84D00384404 /* ChatGPTSwift.swift */ = {isa = PBXFileReference; lastKnownFileType = sourcecode.swift; path = ChatGPTSwift.swift; sourceTree = "<group>"; };
		7193E31B29867E00004A10D4 /* NSManagedObjectContext+extension.swift */ = {isa = PBXFileReference; lastKnownFileType = sourcecode.swift; path = "NSManagedObjectContext+extension.swift"; sourceTree = "<group>"; };
		7193E31D29868320004A10D4 /* BotMessageBubble.swift */ = {isa = PBXFileReference; lastKnownFileType = sourcecode.swift; path = BotMessageBubble.swift; sourceTree = "<group>"; };
		7193E31F29869793004A10D4 /* ExampleThemeChat.swift */ = {isa = PBXFileReference; lastKnownFileType = sourcecode.swift; path = ExampleThemeChat.swift; sourceTree = "<group>"; };
		7193E3212986A797004A10D4 /* ThemePickerView.swift */ = {isa = PBXFileReference; lastKnownFileType = sourcecode.swift; path = ThemePickerView.swift; sourceTree = "<group>"; };
		7193E32429881642004A10D4 /* SavedMessagesView.swift */ = {isa = PBXFileReference; lastKnownFileType = sourcecode.swift; path = SavedMessagesView.swift; sourceTree = "<group>"; };
		7193E32629881C15004A10D4 /* EmptySavedMessagesView.swift */ = {isa = PBXFileReference; lastKnownFileType = sourcecode.swift; path = EmptySavedMessagesView.swift; sourceTree = "<group>"; };
		7193E32A29882435004A10D4 /* Info.plist */ = {isa = PBXFileReference; lastKnownFileType = text.plist; path = Info.plist; sourceTree = "<group>"; };
		7193E32D29890CB4004A10D4 /* AIModelTypesList.swift */ = {isa = PBXFileReference; lastKnownFileType = sourcecode.swift; path = AIModelTypesList.swift; sourceTree = "<group>"; };
		71ABB15A29B105BA00F16D4D /* OpenAI.swift */ = {isa = PBXFileReference; lastKnownFileType = sourcecode.swift; path = OpenAI.swift; sourceTree = "<group>"; };
		71BE9B2C29812D4B00CB13C2 /* Message.swift */ = {isa = PBXFileReference; lastKnownFileType = sourcecode.swift; path = Message.swift; sourceTree = "<group>"; };
		71BE9B332982856300CB13C2 /* DataController.swift */ = {isa = PBXFileReference; lastKnownFileType = sourcecode.swift; path = DataController.swift; sourceTree = "<group>"; };
		71BE9B3529828BB000CB13C2 /* ChatView.swift */ = {isa = PBXFileReference; lastKnownFileType = sourcecode.swift; path = ChatView.swift; sourceTree = "<group>"; };
		71BE9B3A2982DDC600CB13C2 /* AudioPlayer.swift */ = {isa = PBXFileReference; lastKnownFileType = sourcecode.swift; path = AudioPlayer.swift; sourceTree = "<group>"; };
		71BE9B3C2982E85D00CB13C2 /* RecievedMessage.mp3 */ = {isa = PBXFileReference; lastKnownFileType = audio.mp3; path = RecievedMessage.mp3; sourceTree = "<group>"; };
		71BE9B3E2982E8E500CB13C2 /* SentMessage.mp3 */ = {isa = PBXFileReference; lastKnownFileType = audio.mp3; path = SentMessage.mp3; sourceTree = "<group>"; };
		71BE9B412982F12F00CB13C2 /* SpeechSynthesizer.swift */ = {isa = PBXFileReference; lastKnownFileType = sourcecode.swift; path = SpeechSynthesizer.swift; sourceTree = "<group>"; };
		71BE9B4A2983D8CB00CB13C2 /* CreateChatStamps.swift */ = {isa = PBXFileReference; lastKnownFileType = sourcecode.swift; path = CreateChatStamps.swift; sourceTree = "<group>"; };
		71BE9B4E2983D99B00CB13C2 /* EmptyChatView.swift */ = {isa = PBXFileReference; lastKnownFileType = sourcecode.swift; path = EmptyChatView.swift; sourceTree = "<group>"; };
		71BE9B502983D9E400CB13C2 /* MessagesView.swift */ = {isa = PBXFileReference; lastKnownFileType = sourcecode.swift; path = MessagesView.swift; sourceTree = "<group>"; };
		71BE9B562983E75D00CB13C2 /* ThemeViewModel.swift */ = {isa = PBXFileReference; lastKnownFileType = sourcecode.swift; path = ThemeViewModel.swift; sourceTree = "<group>"; };
		71BE9B582983E85A00CB13C2 /* SettingsButton.swift */ = {isa = PBXFileReference; lastKnownFileType = sourcecode.swift; path = SettingsButton.swift; sourceTree = "<group>"; };
		71BE9B5A2983EF7D00CB13C2 /* SettingsView.swift */ = {isa = PBXFileReference; lastKnownFileType = sourcecode.swift; path = SettingsView.swift; sourceTree = "<group>"; };
		71BE9B5D2983FB5E00CB13C2 /* Color+extension.swift */ = {isa = PBXFileReference; lastKnownFileType = sourcecode.swift; path = "Color+extension.swift"; sourceTree = "<group>"; };
		71C5B647298A76E300FC88C0 /* UserChatBubble.swift */ = {isa = PBXFileReference; lastKnownFileType = sourcecode.swift; path = UserChatBubble.swift; sourceTree = "<group>"; };
		71CC6CD229A5158600B0DB75 /* ChatGPTSwiftModelTypesList.swift */ = {isa = PBXFileReference; lastKnownFileType = sourcecode.swift; path = ChatGPTSwiftModelTypesList.swift; sourceTree = "<group>"; };
		71CC6CD629A516A100B0DB75 /* AILibrariesList.swift */ = {isa = PBXFileReference; lastKnownFileType = sourcecode.swift; path = AILibrariesList.swift; sourceTree = "<group>"; };
		71CC6CD829A56BCC00B0DB75 /* SafariView.swift */ = {isa = PBXFileReference; lastKnownFileType = sourcecode.swift; path = SafariView.swift; sourceTree = "<group>"; };
		71DEEB46298AAEC7004B3708 /* View+extension.swift */ = {isa = PBXFileReference; lastKnownFileType = sourcecode.swift; path = "View+extension.swift"; sourceTree = "<group>"; };
		71DEEB4B298AAEEE004B3708 /* RoundedCorner.swift */ = {isa = PBXFileReference; lastKnownFileType = sourcecode.swift; path = RoundedCorner.swift; sourceTree = "<group>"; };
		71DEEB53298ABAA7004B3708 /* BotLoadingMessage.swift */ = {isa = PBXFileReference; lastKnownFileType = sourcecode.swift; path = BotLoadingMessage.swift; sourceTree = "<group>"; };
		71DEEB56298ACA00004B3708 /* OnBoarding1.swift */ = {isa = PBXFileReference; lastKnownFileType = sourcecode.swift; path = OnBoarding1.swift; sourceTree = "<group>"; };
		71DEEB58298AD39B004B3708 /* OnBoarding2.swift */ = {isa = PBXFileReference; lastKnownFileType = sourcecode.swift; path = OnBoarding2.swift; sourceTree = "<group>"; };
		71EEBFF8298CFB6C0044CD51 /* NextImplementations.rtf */ = {isa = PBXFileReference; lastKnownFileType = text.rtf; path = NextImplementations.rtf; sourceTree = "<group>"; };
/* End PBXFileReference section */

/* Begin PBXFrameworksBuildPhase section */
		712443AF2976ECF9007E98AA /* Frameworks */ = {
			isa = PBXFrameworksBuildPhase;
			buildActionMask = 2147483647;
			files = (
				71CC6CD029A50C2800B0DB75 /* ChatGPTSwift in Frameworks */,
				71ABB15929B1059B00F16D4D /* OpenAI in Frameworks */,
				7179EAA629811F60004A95CA /* OpenAISwift in Frameworks */,
			);
			runOnlyForDeploymentPostprocessing = 0;
		};
		7188A77E29A7848F00384404 /* Frameworks */ = {
			isa = PBXFrameworksBuildPhase;
			buildActionMask = 2147483647;
			files = (
			);
			runOnlyForDeploymentPostprocessing = 0;
		};
/* End PBXFrameworksBuildPhase section */

/* Begin PBXGroup section */
		712443A92976ECF9007E98AA = {
			isa = PBXGroup;
			children = (
				712443B42976ECF9007E98AA /* YoddChatGpt */,
				7188A78229A7848F00384404 /* YoddChatGptTests */,
				712443B32976ECF9007E98AA /* Products */,
			);
			sourceTree = "<group>";
		};
		712443B32976ECF9007E98AA /* Products */ = {
			isa = PBXGroup;
			children = (
				712443B22976ECF9007E98AA /* YoddChatGpt.app */,
				7188A78129A7848F00384404 /* YoddChatGptTests.xctest */,
			);
			name = Products;
			sourceTree = "<group>";
		};
		712443B42976ECF9007E98AA /* YoddChatGpt */ = {
			isa = PBXGroup;
			children = (
				7120C35329A816E400C3B410 /* YoddChatGpt.entitlements */,
				7193E32A29882435004A10D4 /* Info.plist */,
				71493618298BBF6300980250 /* Localizable.strings */,
				712443B52976ECF9007E98AA /* YoddChatGptApp.swift */,
				71EEBFF8298CFB6C0044CD51 /* NextImplementations.rtf */,
				71BE9B5C2983FB4A00CB13C2 /* Extensions */,
				71BE9B312982835A00CB13C2 /* View */,
				71BE9B322982836E00CB13C2 /* ViewModel */,
				71BE9B302982835100CB13C2 /* Model */,
				71BE9B2F298282E700CB13C2 /* DataModel */,
				71BE9B402982EADC00CB13C2 /* Sounds */,
				712443B92976ECFA007E98AA /* Assets.xcassets */,
				712443BB2976ECFA007E98AA /* Preview Content */,
			);
			path = YoddChatGpt;
			sourceTree = "<group>";
		};
		712443BB2976ECFA007E98AA /* Preview Content */ = {
			isa = PBXGroup;
			children = (
				712443BC2976ECFA007E98AA /* Preview Assets.xcassets */,
			);
			path = "Preview Content";
			sourceTree = "<group>";
		};
		7159A84829B2753B00DED49F /* Bot Message  */ = {
			isa = PBXGroup;
			children = (
				7193E31D29868320004A10D4 /* BotMessageBubble.swift */,
				7159A84F29B275BB00DED49F /* ViewBuilders */,
				7159A84B29B2756C00DED49F /* imageMessageMenu.swift */,
			);
			path = "Bot Message ";
			sourceTree = "<group>";
		};
		7159A84F29B275BB00DED49F /* ViewBuilders */ = {
			isa = PBXGroup;
			children = (
				7159A84929B2755100DED49F /* createMessageBubble.swift */,
				7159A84D29B275AE00DED49F /* textMessageMenu.swift */,
				71BE9B4E2983D99B00CB13C2 /* EmptyChatView.swift */,
			);
			path = ViewBuilders;
			sourceTree = "<group>";
		};
		7188A78229A7848F00384404 /* YoddChatGptTests */ = {
			isa = PBXGroup;
			children = (
				7188A78329A7848F00384404 /* YoddChatGptTests.swift */,
			);
			path = YoddChatGptTests;
			sourceTree = "<group>";
		};
		7188A79029A7B80F00384404 /* AI ViewModels */ = {
			isa = PBXGroup;
			children = (
				712443CB2976EE30007E98AA /* AIChatViewModel.swift */,
				71ABB15A29B105BA00F16D4D /* OpenAI.swift */,
				7188A78E29A7B80A00384404 /* OpenAISwift.swift */,
				7188A79129A7B84D00384404 /* ChatGPTSwift.swift */,
			);
			path = "AI ViewModels";
			sourceTree = "<group>";
		};
		7193E32829881C6D004A10D4 /* Chat */ = {
			isa = PBXGroup;
			children = (
				71BE9B3529828BB000CB13C2 /* ChatView.swift */,
				71BE9B502983D9E400CB13C2 /* MessagesView.swift */,
				7159A84829B2753B00DED49F /* Bot Message  */,
				71C5B647298A76E300FC88C0 /* UserChatBubble.swift */,
				71DEEB53298ABAA7004B3708 /* BotLoadingMessage.swift */,
				71BE9B472983D88000CB13C2 /* ViewBuilders */,
			);
			path = Chat;
			sourceTree = "<group>";
		};
		7193E32929881C9A004A10D4 /* Settings */ = {
			isa = PBXGroup;
			children = (
				71BE9B5A2983EF7D00CB13C2 /* SettingsView.swift */,
				71CC6CD129A5156800B0DB75 /* ModelTypesList */,
				7193E3212986A797004A10D4 /* ThemePickerView.swift */,
				7193E32629881C15004A10D4 /* EmptySavedMessagesView.swift */,
				7193E31F29869793004A10D4 /* ExampleThemeChat.swift */,
				7193E32429881642004A10D4 /* SavedMessagesView.swift */,
			);
			path = Settings;
			sourceTree = "<group>";
		};
		71BE9B2F298282E700CB13C2 /* DataModel */ = {
			isa = PBXGroup;
			children = (
				712443C02976ECFA007E98AA /* MessageModel.xcdatamodeld */,
				71BE9B332982856300CB13C2 /* DataController.swift */,
			);
			path = DataModel;
			sourceTree = "<group>";
		};
		71BE9B302982835100CB13C2 /* Model */ = {
			isa = PBXGroup;
			children = (
				71BE9B2C29812D4B00CB13C2 /* Message.swift */,
				7188A78C29A7B7AD00384404 /* AILibrary.swift */,
				71DEEB4A298AAEE7004B3708 /* Shapes */,
			);
			path = Model;
			sourceTree = "<group>";
		};
		71BE9B312982835A00CB13C2 /* View */ = {
			isa = PBXGroup;
			children = (
				71DEEB55298AC9E1004B3708 /* On boarding */,
				7193E32929881C9A004A10D4 /* Settings */,
				7193E32829881C6D004A10D4 /* Chat */,
				71CC6CD829A56BCC00B0DB75 /* SafariView.swift */,
			);
			path = View;
			sourceTree = "<group>";
		};
		71BE9B322982836E00CB13C2 /* ViewModel */ = {
			isa = PBXGroup;
			children = (
				7188A79029A7B80F00384404 /* AI ViewModels */,
				71BE9B3A2982DDC600CB13C2 /* AudioPlayer.swift */,
				71BE9B412982F12F00CB13C2 /* SpeechSynthesizer.swift */,
				71BE9B562983E75D00CB13C2 /* ThemeViewModel.swift */,
			);
			path = ViewModel;
			sourceTree = "<group>";
		};
		71BE9B402982EADC00CB13C2 /* Sounds */ = {
			isa = PBXGroup;
			children = (
				71BE9B3E2982E8E500CB13C2 /* SentMessage.mp3 */,
				71BE9B3C2982E85D00CB13C2 /* RecievedMessage.mp3 */,
			);
			path = Sounds;
			sourceTree = "<group>";
		};
		71BE9B472983D88000CB13C2 /* ViewBuilders */ = {
			isa = PBXGroup;
			children = (
				71BE9B4A2983D8CB00CB13C2 /* CreateChatStamps.swift */,
				71BE9B582983E85A00CB13C2 /* SettingsButton.swift */,
			);
			path = ViewBuilders;
			sourceTree = "<group>";
		};
		71BE9B5C2983FB4A00CB13C2 /* Extensions */ = {
			isa = PBXGroup;
			children = (
				71BE9B5D2983FB5E00CB13C2 /* Color+extension.swift */,
				71DEEB46298AAEC7004B3708 /* View+extension.swift */,
				7193E31B29867E00004A10D4 /* NSManagedObjectContext+extension.swift */,
			);
			path = Extensions;
			sourceTree = "<group>";
		};
		71CC6CD129A5156800B0DB75 /* ModelTypesList */ = {
			isa = PBXGroup;
			children = (
				7193E32D29890CB4004A10D4 /* AIModelTypesList.swift */,
				71CC6CD229A5158600B0DB75 /* ChatGPTSwiftModelTypesList.swift */,
				71CC6CD629A516A100B0DB75 /* AILibrariesList.swift */,
			);
			path = ModelTypesList;
			sourceTree = "<group>";
		};
		71DEEB4A298AAEE7004B3708 /* Shapes */ = {
			isa = PBXGroup;
			children = (
				71DEEB4B298AAEEE004B3708 /* RoundedCorner.swift */,
			);
			path = Shapes;
			sourceTree = "<group>";
		};
		71DEEB55298AC9E1004B3708 /* On boarding */ = {
			isa = PBXGroup;
			children = (
				71DEEB56298ACA00004B3708 /* OnBoarding1.swift */,
				71DEEB58298AD39B004B3708 /* OnBoarding2.swift */,
				7131F54529AB969F00FC4F45 /* DisclaimerView.swift */,
			);
			path = "On boarding";
			sourceTree = "<group>";
		};
/* End PBXGroup section */

/* Begin PBXNativeTarget section */
		712443B12976ECF9007E98AA /* YoddChatGpt */ = {
			isa = PBXNativeTarget;
			buildConfigurationList = 712443C52976ECFA007E98AA /* Build configuration list for PBXNativeTarget "YoddChatGpt" */;
			buildPhases = (
				712443AE2976ECF9007E98AA /* Sources */,
				712443AF2976ECF9007E98AA /* Frameworks */,
				712443B02976ECF9007E98AA /* Resources */,
				7157E83E29A7C43A00CDCF7C /* ShellScript */,
			);
			buildRules = (
			);
			dependencies = (
			);
			name = YoddChatGpt;
			packageProductDependencies = (
				7179EAA529811F60004A95CA /* OpenAISwift */,
				71CC6CCF29A50C2800B0DB75 /* ChatGPTSwift */,
				71ABB15829B1059B00F16D4D /* OpenAI */,
			);
			productName = YoddChatGpt;
			productReference = 712443B22976ECF9007E98AA /* YoddChatGpt.app */;
			productType = "com.apple.product-type.application";
		};
		7188A78029A7848F00384404 /* YoddChatGptTests */ = {
			isa = PBXNativeTarget;
			buildConfigurationList = 7188A78929A7848F00384404 /* Build configuration list for PBXNativeTarget "YoddChatGptTests" */;
			buildPhases = (
				7188A77D29A7848F00384404 /* Sources */,
				7188A77E29A7848F00384404 /* Frameworks */,
				7188A77F29A7848F00384404 /* Resources */,
			);
			buildRules = (
			);
			dependencies = (
				7188A78629A7848F00384404 /* PBXTargetDependency */,
			);
			name = YoddChatGptTests;
			productName = YoddChatGptTests;
			productReference = 7188A78129A7848F00384404 /* YoddChatGptTests.xctest */;
			productType = "com.apple.product-type.bundle.unit-test";
		};
/* End PBXNativeTarget section */

/* Begin PBXProject section */
		712443AA2976ECF9007E98AA /* Project object */ = {
			isa = PBXProject;
			attributes = {
				BuildIndependentTargetsInParallel = 1;
				LastSwiftUpdateCheck = 1420;
				LastUpgradeCheck = 1420;
				TargetAttributes = {
					712443B12976ECF9007E98AA = {
						CreatedOnToolsVersion = 14.0.1;
					};
					7188A78029A7848F00384404 = {
						CreatedOnToolsVersion = 14.2;
						TestTargetID = 712443B12976ECF9007E98AA;
					};
				};
			};
			buildConfigurationList = 712443AD2976ECF9007E98AA /* Build configuration list for PBXProject "YoddChatGpt" */;
			compatibilityVersion = "Xcode 14.0";
			developmentRegion = en;
			hasScannedForEncodings = 0;
			knownRegions = (
				en,
				Base,
				it,
			);
			mainGroup = 712443A92976ECF9007E98AA;
			packageReferences = (
				7179EAA429811F60004A95CA /* XCRemoteSwiftPackageReference "OpenAISwift" */,
				71CC6CCE29A50C2800B0DB75 /* XCRemoteSwiftPackageReference "ChatGPTSwift" */,
				71ABB15729B1059B00F16D4D /* XCRemoteSwiftPackageReference "OpenAI" */,
			);
			productRefGroup = 712443B32976ECF9007E98AA /* Products */;
			projectDirPath = "";
			projectRoot = "";
			targets = (
				712443B12976ECF9007E98AA /* YoddChatGpt */,
				7188A78029A7848F00384404 /* YoddChatGptTests */,
			);
		};
/* End PBXProject section */

/* Begin PBXResourcesBuildPhase section */
		712443B02976ECF9007E98AA /* Resources */ = {
			isa = PBXResourcesBuildPhase;
			buildActionMask = 2147483647;
			files = (
				7149361A298BBF6300980250 /* Localizable.strings in Resources */,
				71BE9B3F2982E8E500CB13C2 /* SentMessage.mp3 in Resources */,
				712443BD2976ECFA007E98AA /* Preview Assets.xcassets in Resources */,
				712443BA2976ECFA007E98AA /* Assets.xcassets in Resources */,
				71BE9B3D2982E85D00CB13C2 /* RecievedMessage.mp3 in Resources */,
				71EEBFF9298CFB6C0044CD51 /* NextImplementations.rtf in Resources */,
			);
			runOnlyForDeploymentPostprocessing = 0;
		};
		7188A77F29A7848F00384404 /* Resources */ = {
			isa = PBXResourcesBuildPhase;
			buildActionMask = 2147483647;
			files = (
			);
			runOnlyForDeploymentPostprocessing = 0;
		};
/* End PBXResourcesBuildPhase section */

/* Begin PBXShellScriptBuildPhase section */
		7157E83E29A7C43A00CDCF7C /* ShellScript */ = {
			isa = PBXShellScriptBuildPhase;
			buildActionMask = 12;
			files = (
			);
			inputFileListPaths = (
			);
			inputPaths = (
			);
			outputFileListPaths = (
			);
			outputPaths = (
			);
			runOnlyForDeploymentPostprocessing = 0;
			shellPath = /bin/sh;
			shellScript = "export PATH=\"$PATH:/opt/homebrew/bin\"\nif which swiftlint > /dev/null; then\n  swiftlint\nelse\n  echo \"warning: SwiftLint not installed, download from https://github.com/realm/SwiftLint\"\nfi\n";
		};
/* End PBXShellScriptBuildPhase section */

/* Begin PBXSourcesBuildPhase section */
		712443AE2976ECF9007E98AA /* Sources */ = {
			isa = PBXSourcesBuildPhase;
			buildActionMask = 2147483647;
			files = (
				712443CC2976EE30007E98AA /* AIChatViewModel.swift in Sources */,
				71BE9B3629828BB000CB13C2 /* ChatView.swift in Sources */,
				71CC6CD329A5158600B0DB75 /* ChatGPTSwiftModelTypesList.swift in Sources */,
				71ABB15B29B105BA00F16D4D /* OpenAI.swift in Sources */,
				7131F54629AB969F00FC4F45 /* DisclaimerView.swift in Sources */,
				7193E32E29890CB4004A10D4 /* AIModelTypesList.swift in Sources */,
				71BE9B4B2983D8CB00CB13C2 /* CreateChatStamps.swift in Sources */,
				71BE9B5B2983EF7D00CB13C2 /* SettingsView.swift in Sources */,
				7159A84E29B275AE00DED49F /* textMessageMenu.swift in Sources */,
				7193E32029869794004A10D4 /* ExampleThemeChat.swift in Sources */,
				712443B62976ECF9007E98AA /* YoddChatGptApp.swift in Sources */,
				7193E32729881C15004A10D4 /* EmptySavedMessagesView.swift in Sources */,
				7188A78D29A7B7AD00384404 /* AILibrary.swift in Sources */,
				71BE9B3B2982DDC600CB13C2 /* AudioPlayer.swift in Sources */,
				71BE9B572983E75D00CB13C2 /* ThemeViewModel.swift in Sources */,
				71BE9B342982856300CB13C2 /* DataController.swift in Sources */,
				71DEEB57298ACA00004B3708 /* OnBoarding1.swift in Sources */,
				71CC6CD729A516A100B0DB75 /* AILibrariesList.swift in Sources */,
				71BE9B592983E85A00CB13C2 /* SettingsButton.swift in Sources */,
				712443C22976ECFA007E98AA /* MessageModel.xcdatamodeld in Sources */,
				71BE9B4F2983D99B00CB13C2 /* EmptyChatView.swift in Sources */,
				71BE9B5E2983FB5E00CB13C2 /* Color+extension.swift in Sources */,
				71DEEB4C298AAEEE004B3708 /* RoundedCorner.swift in Sources */,
				71BE9B2D29812D4B00CB13C2 /* Message.swift in Sources */,
				7193E3222986A797004A10D4 /* ThemePickerView.swift in Sources */,
				7159A84C29B2756C00DED49F /* imageMessageMenu.swift in Sources */,
				71DEEB47298AAEC7004B3708 /* View+extension.swift in Sources */,
				71CC6CD929A56BCC00B0DB75 /* SafariView.swift in Sources */,
				7159A84A29B2755100DED49F /* createMessageBubble.swift in Sources */,
				71DEEB59298AD39B004B3708 /* OnBoarding2.swift in Sources */,
				71C5B648298A76E300FC88C0 /* UserChatBubble.swift in Sources */,
				7193E32529881642004A10D4 /* SavedMessagesView.swift in Sources */,
				7193E31C29867E00004A10D4 /* NSManagedObjectContext+extension.swift in Sources */,
				7193E31E29868320004A10D4 /* BotMessageBubble.swift in Sources */,
				71BE9B422982F12F00CB13C2 /* SpeechSynthesizer.swift in Sources */,
				71DEEB54298ABAA7004B3708 /* BotLoadingMessage.swift in Sources */,
				7188A78F29A7B80A00384404 /* OpenAISwift.swift in Sources */,
				71BE9B512983D9E400CB13C2 /* MessagesView.swift in Sources */,
				7188A79229A7B84D00384404 /* ChatGPTSwift.swift in Sources */,
			);
			runOnlyForDeploymentPostprocessing = 0;
		};
		7188A77D29A7848F00384404 /* Sources */ = {
			isa = PBXSourcesBuildPhase;
			buildActionMask = 2147483647;
			files = (
				7188A78429A7848F00384404 /* YoddChatGptTests.swift in Sources */,
			);
			runOnlyForDeploymentPostprocessing = 0;
		};
/* End PBXSourcesBuildPhase section */

/* Begin PBXTargetDependency section */
		7188A78629A7848F00384404 /* PBXTargetDependency */ = {
			isa = PBXTargetDependency;
			target = 712443B12976ECF9007E98AA /* YoddChatGpt */;
			targetProxy = 7188A78529A7848F00384404 /* PBXContainerItemProxy */;
		};
/* End PBXTargetDependency section */

/* Begin PBXVariantGroup section */
		71493618298BBF6300980250 /* Localizable.strings */ = {
			isa = PBXVariantGroup;
			children = (
				71493619298BBF6300980250 /* it */,
			);
			name = Localizable.strings;
			sourceTree = "<group>";
		};
/* End PBXVariantGroup section */

/* Begin XCBuildConfiguration section */
		712443C32976ECFA007E98AA /* Debug */ = {
			isa = XCBuildConfiguration;
			buildSettings = {
				ALWAYS_SEARCH_USER_PATHS = NO;
				CLANG_ANALYZER_LOCALIZABILITY_NONLOCALIZED = YES;
				CLANG_ANALYZER_NONNULL = YES;
				CLANG_ANALYZER_NUMBER_OBJECT_CONVERSION = YES_AGGRESSIVE;
				CLANG_CXX_LANGUAGE_STANDARD = "gnu++20";
				CLANG_ENABLE_MODULES = YES;
				CLANG_ENABLE_OBJC_ARC = YES;
				CLANG_ENABLE_OBJC_WEAK = YES;
				CLANG_WARN_BLOCK_CAPTURE_AUTORELEASING = YES;
				CLANG_WARN_BOOL_CONVERSION = YES;
				CLANG_WARN_COMMA = YES;
				CLANG_WARN_CONSTANT_CONVERSION = YES;
				CLANG_WARN_DEPRECATED_OBJC_IMPLEMENTATIONS = YES;
				CLANG_WARN_DIRECT_OBJC_ISA_USAGE = YES_ERROR;
				CLANG_WARN_DOCUMENTATION_COMMENTS = YES;
				CLANG_WARN_EMPTY_BODY = YES;
				CLANG_WARN_ENUM_CONVERSION = YES;
				CLANG_WARN_INFINITE_RECURSION = YES;
				CLANG_WARN_INT_CONVERSION = YES;
				CLANG_WARN_NON_LITERAL_NULL_CONVERSION = YES;
				CLANG_WARN_OBJC_IMPLICIT_RETAIN_SELF = YES;
				CLANG_WARN_OBJC_LITERAL_CONVERSION = YES;
				CLANG_WARN_OBJC_ROOT_CLASS = YES_ERROR;
				CLANG_WARN_QUOTED_INCLUDE_IN_FRAMEWORK_HEADER = YES;
				CLANG_WARN_RANGE_LOOP_ANALYSIS = YES;
				CLANG_WARN_STRICT_PROTOTYPES = YES;
				CLANG_WARN_SUSPICIOUS_MOVE = YES;
				CLANG_WARN_UNGUARDED_AVAILABILITY = YES_AGGRESSIVE;
				CLANG_WARN_UNREACHABLE_CODE = YES;
				CLANG_WARN__DUPLICATE_METHOD_MATCH = YES;
				COPY_PHASE_STRIP = NO;
				DEBUG_INFORMATION_FORMAT = dwarf;
				ENABLE_STRICT_OBJC_MSGSEND = YES;
				ENABLE_TESTABILITY = YES;
				GCC_C_LANGUAGE_STANDARD = gnu11;
				GCC_DYNAMIC_NO_PIC = NO;
				GCC_NO_COMMON_BLOCKS = YES;
				GCC_OPTIMIZATION_LEVEL = 0;
				GCC_PREPROCESSOR_DEFINITIONS = (
					"DEBUG=1",
					"$(inherited)",
				);
				GCC_WARN_64_TO_32_BIT_CONVERSION = YES;
				GCC_WARN_ABOUT_RETURN_TYPE = YES_ERROR;
				GCC_WARN_UNDECLARED_SELECTOR = YES;
				GCC_WARN_UNINITIALIZED_AUTOS = YES_AGGRESSIVE;
				GCC_WARN_UNUSED_FUNCTION = YES;
				GCC_WARN_UNUSED_VARIABLE = YES;
				IPHONEOS_DEPLOYMENT_TARGET = 16.0;
				MTL_ENABLE_DEBUG_INFO = INCLUDE_SOURCE;
				MTL_FAST_MATH = YES;
				ONLY_ACTIVE_ARCH = YES;
				SDKROOT = iphoneos;
				SWIFT_ACTIVE_COMPILATION_CONDITIONS = DEBUG;
				SWIFT_OPTIMIZATION_LEVEL = "-Onone";
			};
			name = Debug;
		};
		712443C42976ECFA007E98AA /* Release */ = {
			isa = XCBuildConfiguration;
			buildSettings = {
				ALWAYS_SEARCH_USER_PATHS = NO;
				CLANG_ANALYZER_LOCALIZABILITY_NONLOCALIZED = YES;
				CLANG_ANALYZER_NONNULL = YES;
				CLANG_ANALYZER_NUMBER_OBJECT_CONVERSION = YES_AGGRESSIVE;
				CLANG_CXX_LANGUAGE_STANDARD = "gnu++20";
				CLANG_ENABLE_MODULES = YES;
				CLANG_ENABLE_OBJC_ARC = YES;
				CLANG_ENABLE_OBJC_WEAK = YES;
				CLANG_WARN_BLOCK_CAPTURE_AUTORELEASING = YES;
				CLANG_WARN_BOOL_CONVERSION = YES;
				CLANG_WARN_COMMA = YES;
				CLANG_WARN_CONSTANT_CONVERSION = YES;
				CLANG_WARN_DEPRECATED_OBJC_IMPLEMENTATIONS = YES;
				CLANG_WARN_DIRECT_OBJC_ISA_USAGE = YES_ERROR;
				CLANG_WARN_DOCUMENTATION_COMMENTS = YES;
				CLANG_WARN_EMPTY_BODY = YES;
				CLANG_WARN_ENUM_CONVERSION = YES;
				CLANG_WARN_INFINITE_RECURSION = YES;
				CLANG_WARN_INT_CONVERSION = YES;
				CLANG_WARN_NON_LITERAL_NULL_CONVERSION = YES;
				CLANG_WARN_OBJC_IMPLICIT_RETAIN_SELF = YES;
				CLANG_WARN_OBJC_LITERAL_CONVERSION = YES;
				CLANG_WARN_OBJC_ROOT_CLASS = YES_ERROR;
				CLANG_WARN_QUOTED_INCLUDE_IN_FRAMEWORK_HEADER = YES;
				CLANG_WARN_RANGE_LOOP_ANALYSIS = YES;
				CLANG_WARN_STRICT_PROTOTYPES = YES;
				CLANG_WARN_SUSPICIOUS_MOVE = YES;
				CLANG_WARN_UNGUARDED_AVAILABILITY = YES_AGGRESSIVE;
				CLANG_WARN_UNREACHABLE_CODE = YES;
				CLANG_WARN__DUPLICATE_METHOD_MATCH = YES;
				COPY_PHASE_STRIP = NO;
				DEBUG_INFORMATION_FORMAT = "dwarf-with-dsym";
				ENABLE_NS_ASSERTIONS = NO;
				ENABLE_STRICT_OBJC_MSGSEND = YES;
				GCC_C_LANGUAGE_STANDARD = gnu11;
				GCC_NO_COMMON_BLOCKS = YES;
				GCC_WARN_64_TO_32_BIT_CONVERSION = YES;
				GCC_WARN_ABOUT_RETURN_TYPE = YES_ERROR;
				GCC_WARN_UNDECLARED_SELECTOR = YES;
				GCC_WARN_UNINITIALIZED_AUTOS = YES_AGGRESSIVE;
				GCC_WARN_UNUSED_FUNCTION = YES;
				GCC_WARN_UNUSED_VARIABLE = YES;
				IPHONEOS_DEPLOYMENT_TARGET = 16.0;
				MTL_ENABLE_DEBUG_INFO = NO;
				MTL_FAST_MATH = YES;
				SDKROOT = iphoneos;
				SWIFT_COMPILATION_MODE = wholemodule;
				SWIFT_OPTIMIZATION_LEVEL = "-O";
				VALIDATE_PRODUCT = YES;
			};
			name = Release;
		};
		712443C62976ECFA007E98AA /* Debug */ = {
			isa = XCBuildConfiguration;
			buildSettings = {
				ASSETCATALOG_COMPILER_APPICON_NAME = AppIcon;
				ASSETCATALOG_COMPILER_GLOBAL_ACCENT_COLOR_NAME = AccentColor;
				CODE_SIGN_ENTITLEMENTS = YoddChatGpt/YoddChatGpt.entitlements;
				CODE_SIGN_STYLE = Automatic;
				CURRENT_PROJECT_VERSION = 1;
				DEVELOPMENT_ASSET_PATHS = "\"YoddChatGpt/Preview Content\"";
				DEVELOPMENT_TEAM = AH7YQ86734;
				ENABLE_PREVIEWS = YES;
				GENERATE_INFOPLIST_FILE = YES;
				INFOPLIST_FILE = YoddChatGpt/Info.plist;
				INFOPLIST_KEY_CFBundleDisplayName = "Yodd AI Chat";
				INFOPLIST_KEY_LSApplicationCategoryType = "public.app-category.utilities";
				INFOPLIST_KEY_NSPhotoLibraryAddUsageDescription = "The app let the users save the images generated by the AI to the photo library";
				INFOPLIST_KEY_UIApplicationSupportsIndirectInputEvents = YES;
				INFOPLIST_KEY_UILaunchScreen_Generation = YES;
				INFOPLIST_KEY_UISupportedInterfaceOrientations = UIInterfaceOrientationPortrait;
				INFOPLIST_KEY_UISupportedInterfaceOrientations_iPad = "UIInterfaceOrientationLandscapeLeft UIInterfaceOrientationLandscapeRight UIInterfaceOrientationPortrait UIInterfaceOrientationPortraitUpsideDown";
				IPHONEOS_DEPLOYMENT_TARGET = 15.0;
				LD_RUNPATH_SEARCH_PATHS = (
					"$(inherited)",
					"@executable_path/Frameworks",
				);
				MARKETING_VERSION = 1.0.4;
				PRODUCT_BUNDLE_IDENTIFIER = ale.YoddAIChat;
				PRODUCT_NAME = "$(TARGET_NAME)";
				SUPPORTED_PLATFORMS = "iphoneos iphonesimulator";
				SUPPORTS_MACCATALYST = YES;
				SUPPORTS_MAC_DESIGNED_FOR_IPHONE_IPAD = NO;
				SWIFT_EMIT_LOC_STRINGS = YES;
				SWIFT_VERSION = 5.0;
				TARGETED_DEVICE_FAMILY = "1,2";
			};
			name = Debug;
		};
		712443C72976ECFA007E98AA /* Release */ = {
			isa = XCBuildConfiguration;
			buildSettings = {
				ASSETCATALOG_COMPILER_APPICON_NAME = AppIcon;
				ASSETCATALOG_COMPILER_GLOBAL_ACCENT_COLOR_NAME = AccentColor;
				CODE_SIGN_ENTITLEMENTS = YoddChatGpt/YoddChatGpt.entitlements;
				CODE_SIGN_STYLE = Automatic;
				CURRENT_PROJECT_VERSION = 1;
				DEVELOPMENT_ASSET_PATHS = "\"YoddChatGpt/Preview Content\"";
				DEVELOPMENT_TEAM = AH7YQ86734;
				ENABLE_PREVIEWS = YES;
				GENERATE_INFOPLIST_FILE = YES;
				INFOPLIST_FILE = YoddChatGpt/Info.plist;
				INFOPLIST_KEY_CFBundleDisplayName = "Yodd AI Chat";
				INFOPLIST_KEY_LSApplicationCategoryType = "public.app-category.utilities";
				INFOPLIST_KEY_NSPhotoLibraryAddUsageDescription = "The app let the users save the images generated by the AI to the photo library";
				INFOPLIST_KEY_UIApplicationSupportsIndirectInputEvents = YES;
				INFOPLIST_KEY_UILaunchScreen_Generation = YES;
				INFOPLIST_KEY_UISupportedInterfaceOrientations = UIInterfaceOrientationPortrait;
				INFOPLIST_KEY_UISupportedInterfaceOrientations_iPad = "UIInterfaceOrientationLandscapeLeft UIInterfaceOrientationLandscapeRight UIInterfaceOrientationPortrait UIInterfaceOrientationPortraitUpsideDown";
				IPHONEOS_DEPLOYMENT_TARGET = 15.0;
				LD_RUNPATH_SEARCH_PATHS = (
					"$(inherited)",
					"@executable_path/Frameworks",
				);
				MARKETING_VERSION = 1.0.4;
				PRODUCT_BUNDLE_IDENTIFIER = ale.YoddAIChat;
				PRODUCT_NAME = "$(TARGET_NAME)";
				SUPPORTED_PLATFORMS = "iphoneos iphonesimulator";
				SUPPORTS_MACCATALYST = YES;
				SUPPORTS_MAC_DESIGNED_FOR_IPHONE_IPAD = NO;
				SWIFT_EMIT_LOC_STRINGS = YES;
				SWIFT_VERSION = 5.0;
				TARGETED_DEVICE_FAMILY = "1,2";
			};
			name = Release;
		};
		7188A78729A7848F00384404 /* Debug */ = {
			isa = XCBuildConfiguration;
			buildSettings = {
				BUNDLE_LOADER = "$(TEST_HOST)";
				CODE_SIGN_STYLE = Automatic;
				CURRENT_PROJECT_VERSION = 1;
				DEVELOPMENT_TEAM = AH7YQ86734;
				GENERATE_INFOPLIST_FILE = YES;
				IPHONEOS_DEPLOYMENT_TARGET = 16.2;
				MARKETING_VERSION = 1.0;
				PRODUCT_BUNDLE_IDENTIFIER = ale.YoddChatGptTests;
				PRODUCT_NAME = "$(TARGET_NAME)";
				SWIFT_EMIT_LOC_STRINGS = NO;
				SWIFT_VERSION = 5.0;
				TARGETED_DEVICE_FAMILY = "1,2";
				TEST_HOST = "$(BUILT_PRODUCTS_DIR)/YoddChatGpt.app/$(BUNDLE_EXECUTABLE_FOLDER_PATH)/YoddChatGpt";
			};
			name = Debug;
		};
		7188A78829A7848F00384404 /* Release */ = {
			isa = XCBuildConfiguration;
			buildSettings = {
				BUNDLE_LOADER = "$(TEST_HOST)";
				CODE_SIGN_STYLE = Automatic;
				CURRENT_PROJECT_VERSION = 1;
				DEVELOPMENT_TEAM = AH7YQ86734;
				GENERATE_INFOPLIST_FILE = YES;
				IPHONEOS_DEPLOYMENT_TARGET = 16.2;
				MARKETING_VERSION = 1.0;
				PRODUCT_BUNDLE_IDENTIFIER = ale.YoddChatGptTests;
				PRODUCT_NAME = "$(TARGET_NAME)";
				SWIFT_EMIT_LOC_STRINGS = NO;
				SWIFT_VERSION = 5.0;
				TARGETED_DEVICE_FAMILY = "1,2";
				TEST_HOST = "$(BUILT_PRODUCTS_DIR)/YoddChatGpt.app/$(BUNDLE_EXECUTABLE_FOLDER_PATH)/YoddChatGpt";
			};
			name = Release;
		};
/* End XCBuildConfiguration section */

/* Begin XCConfigurationList section */
		712443AD2976ECF9007E98AA /* Build configuration list for PBXProject "YoddChatGpt" */ = {
			isa = XCConfigurationList;
			buildConfigurations = (
				712443C32976ECFA007E98AA /* Debug */,
				712443C42976ECFA007E98AA /* Release */,
			);
			defaultConfigurationIsVisible = 0;
			defaultConfigurationName = Release;
		};
		712443C52976ECFA007E98AA /* Build configuration list for PBXNativeTarget "YoddChatGpt" */ = {
			isa = XCConfigurationList;
			buildConfigurations = (
				712443C62976ECFA007E98AA /* Debug */,
				712443C72976ECFA007E98AA /* Release */,
			);
			defaultConfigurationIsVisible = 0;
			defaultConfigurationName = Release;
		};
		7188A78929A7848F00384404 /* Build configuration list for PBXNativeTarget "YoddChatGptTests" */ = {
			isa = XCConfigurationList;
			buildConfigurations = (
				7188A78729A7848F00384404 /* Debug */,
				7188A78829A7848F00384404 /* Release */,
			);
			defaultConfigurationIsVisible = 0;
			defaultConfigurationName = Release;
		};
/* End XCConfigurationList section */

/* Begin XCRemoteSwiftPackageReference section */
		7179EAA429811F60004A95CA /* XCRemoteSwiftPackageReference "OpenAISwift" */ = {
			isa = XCRemoteSwiftPackageReference;
			repositoryURL = "https://github.com/adamrushy/OpenAISwift";
			requirement = {
				kind = upToNextMajorVersion;
				minimumVersion = 1.0.0;
			};
		};
		71ABB15729B1059B00F16D4D /* XCRemoteSwiftPackageReference "OpenAI" */ = {
			isa = XCRemoteSwiftPackageReference;
			repositoryURL = "https://github.com/MacPaw/OpenAI#usage";
			requirement = {
				kind = upToNextMajorVersion;
				minimumVersion = 0.0.4;
			};
		};
		71CC6CCE29A50C2800B0DB75 /* XCRemoteSwiftPackageReference "ChatGPTSwift" */ = {
			isa = XCRemoteSwiftPackageReference;
			repositoryURL = "https://github.com/alfianlosari/ChatGPTSwift";
			requirement = {
				kind = upToNextMajorVersion;
				minimumVersion = 0.0.4;
			};
		};
/* End XCRemoteSwiftPackageReference section */

/* Begin XCSwiftPackageProductDependency section */
		7179EAA529811F60004A95CA /* OpenAISwift */ = {
			isa = XCSwiftPackageProductDependency;
			package = 7179EAA429811F60004A95CA /* XCRemoteSwiftPackageReference "OpenAISwift" */;
			productName = OpenAISwift;
		};
		71ABB15829B1059B00F16D4D /* OpenAI */ = {
			isa = XCSwiftPackageProductDependency;
			package = 71ABB15729B1059B00F16D4D /* XCRemoteSwiftPackageReference "OpenAI" */;
			productName = OpenAI;
		};
		71CC6CCF29A50C2800B0DB75 /* ChatGPTSwift */ = {
			isa = XCSwiftPackageProductDependency;
			package = 71CC6CCE29A50C2800B0DB75 /* XCRemoteSwiftPackageReference "ChatGPTSwift" */;
			productName = ChatGPTSwift;
		};
/* End XCSwiftPackageProductDependency section */

/* Begin XCVersionGroup section */
		712443C02976ECFA007E98AA /* MessageModel.xcdatamodeld */ = {
			isa = XCVersionGroup;
			children = (
				712443C12976ECFA007E98AA /* YoddChatGpt.xcdatamodel */,
			);
			currentVersion = 712443C12976ECFA007E98AA /* YoddChatGpt.xcdatamodel */;
			path = MessageModel.xcdatamodeld;
			sourceTree = "<group>";
			versionGroupType = wrapper.xcdatamodel;
		};
/* End XCVersionGroup section */
	};
	rootObject = 712443AA2976ECF9007E98AA /* Project object */;
}
